// !$*UTF8*$!
{
	archiveVersion = 1;
	classes = {
	};
	objectVersion = 56;
	objects = {

/* Begin PBXBuildFile section */
		B0244B272A398C480091CD35 /* ThatsSoMetalApp.swift in Sources */ = {isa = PBXBuildFile; fileRef = B0244B262A398C480091CD35 /* ThatsSoMetalApp.swift */; };
		B0244B292A398C480091CD35 /* ContentView.swift in Sources */ = {isa = PBXBuildFile; fileRef = B0244B282A398C480091CD35 /* ContentView.swift */; };
		B0244B2B2A398C480091CD35 /* Assets.xcassets in Resources */ = {isa = PBXBuildFile; fileRef = B0244B2A2A398C480091CD35 /* Assets.xcassets */; };
		B0244B2E2A398C480091CD35 /* Preview Assets.xcassets in Resources */ = {isa = PBXBuildFile; fileRef = B0244B2D2A398C480091CD35 /* Preview Assets.xcassets */; };
		B0244B362A398E8E0091CD35 /* NameDrop.swift in Sources */ = {isa = PBXBuildFile; fileRef = B0244B352A398E8E0091CD35 /* NameDrop.swift */; };
		B0244B392A3A2FD90091CD35 /* noise.metal in Sources */ = {isa = PBXBuildFile; fileRef = B0244B382A3A2FD90091CD35 /* noise.metal */; };
		B0244B3E2A3A300C0091CD35 /* SizeReader.swift in Sources */ = {isa = PBXBuildFile; fileRef = B0244B3D2A3A300C0091CD35 /* SizeReader.swift */; };
		B0244B402A3A31550091CD35 /* noise_header.metal in Sources */ = {isa = PBXBuildFile; fileRef = B0244B3F2A3A31550091CD35 /* noise_header.metal */; };
		B0244B432A3A33AC0091CD35 /* hsv.metal in Sources */ = {isa = PBXBuildFile; fileRef = B0244B422A3A33AC0091CD35 /* hsv.metal */; };
		B0244B452A3A33C50091CD35 /* hsv_header.metal in Sources */ = {isa = PBXBuildFile; fileRef = B0244B442A3A33C50091CD35 /* hsv_header.metal */; };
		B0244B482A3A36250091CD35 /* radius.metal in Sources */ = {isa = PBXBuildFile; fileRef = B0244B472A3A36250091CD35 /* radius.metal */; };
		B0244B4A2A3A36310091CD35 /* radius_header.metal in Sources */ = {isa = PBXBuildFile; fileRef = B0244B492A3A36310091CD35 /* radius_header.metal */; };
		B0244B4D2A3A38450091CD35 /* random_header.metal in Sources */ = {isa = PBXBuildFile; fileRef = B0244B4C2A3A38450091CD35 /* random_header.metal */; };
		B0244B4F2A3A388C0091CD35 /* random.metal in Sources */ = {isa = PBXBuildFile; fileRef = B0244B4E2A3A388C0091CD35 /* random.metal */; };
		B0244B522A3A39FC0091CD35 /* noise.metal in Sources */ = {isa = PBXBuildFile; fileRef = B0244B512A3A39FC0091CD35 /* noise.metal */; };
		B0244B542A3A3C250091CD35 /* Noise.swift in Sources */ = {isa = PBXBuildFile; fileRef = B0244B532A3A3C250091CD35 /* Noise.swift */; };
		B0244B572A3A3D3D0091CD35 /* CGFloat+pixelsPerPoint.swift in Sources */ = {isa = PBXBuildFile; fileRef = B0244B562A3A3D3D0091CD35 /* CGFloat+pixelsPerPoint.swift */; };
		B0244B592A3A3DA10091CD35 /* Double+frameRate.swift in Sources */ = {isa = PBXBuildFile; fileRef = B0244B582A3A3DA10091CD35 /* Double+frameRate.swift */; };
		B0244B5D2A3A41290091CD35 /* NoiseView.swift in Sources */ = {isa = PBXBuildFile; fileRef = B0244B5C2A3A41290091CD35 /* NoiseView.swift */; };
/* End PBXBuildFile section */

/* Begin PBXFileReference section */
		B0244B232A398C480091CD35 /* ThatsSoMetal.app */ = {isa = PBXFileReference; explicitFileType = wrapper.application; includeInIndex = 0; path = ThatsSoMetal.app; sourceTree = BUILT_PRODUCTS_DIR; };
		B0244B262A398C480091CD35 /* ThatsSoMetalApp.swift */ = {isa = PBXFileReference; lastKnownFileType = sourcecode.swift; path = ThatsSoMetalApp.swift; sourceTree = "<group>"; };
		B0244B282A398C480091CD35 /* ContentView.swift */ = {isa = PBXFileReference; lastKnownFileType = sourcecode.swift; path = ContentView.swift; sourceTree = "<group>"; };
		B0244B2A2A398C480091CD35 /* Assets.xcassets */ = {isa = PBXFileReference; lastKnownFileType = folder.assetcatalog; path = Assets.xcassets; sourceTree = "<group>"; };
		B0244B2D2A398C480091CD35 /* Preview Assets.xcassets */ = {isa = PBXFileReference; lastKnownFileType = folder.assetcatalog; path = "Preview Assets.xcassets"; sourceTree = "<group>"; };
		B0244B352A398E8E0091CD35 /* NameDrop.swift */ = {isa = PBXFileReference; lastKnownFileType = sourcecode.swift; path = NameDrop.swift; sourceTree = "<group>"; };
		B0244B382A3A2FD90091CD35 /* noise.metal */ = {isa = PBXFileReference; lastKnownFileType = sourcecode.metal; path = noise.metal; sourceTree = "<group>"; };
		B0244B3D2A3A300C0091CD35 /* SizeReader.swift */ = {isa = PBXFileReference; lastKnownFileType = sourcecode.swift; path = SizeReader.swift; sourceTree = "<group>"; };
		B0244B3F2A3A31550091CD35 /* noise_header.metal */ = {isa = PBXFileReference; lastKnownFileType = sourcecode.metal; path = noise_header.metal; sourceTree = "<group>"; };
		B0244B422A3A33AC0091CD35 /* hsv.metal */ = {isa = PBXFileReference; lastKnownFileType = sourcecode.metal; path = hsv.metal; sourceTree = "<group>"; };
		B0244B442A3A33C50091CD35 /* hsv_header.metal */ = {isa = PBXFileReference; lastKnownFileType = sourcecode.metal; path = hsv_header.metal; sourceTree = "<group>"; };
		B0244B472A3A36250091CD35 /* radius.metal */ = {isa = PBXFileReference; lastKnownFileType = sourcecode.metal; path = radius.metal; sourceTree = "<group>"; };
		B0244B492A3A36310091CD35 /* radius_header.metal */ = {isa = PBXFileReference; lastKnownFileType = sourcecode.metal; path = radius_header.metal; sourceTree = "<group>"; };
		B0244B4C2A3A38450091CD35 /* random_header.metal */ = {isa = PBXFileReference; lastKnownFileType = sourcecode.metal; path = random_header.metal; sourceTree = "<group>"; };
		B0244B4E2A3A388C0091CD35 /* random.metal */ = {isa = PBXFileReference; lastKnownFileType = sourcecode.metal; path = random.metal; sourceTree = "<group>"; };
		B0244B512A3A39FC0091CD35 /* noise.metal */ = {isa = PBXFileReference; lastKnownFileType = sourcecode.metal; path = noise.metal; sourceTree = "<group>"; };
		B0244B532A3A3C250091CD35 /* Noise.swift */ = {isa = PBXFileReference; lastKnownFileType = sourcecode.swift; path = Noise.swift; sourceTree = "<group>"; };
		B0244B562A3A3D3D0091CD35 /* CGFloat+pixelsPerPoint.swift */ = {isa = PBXFileReference; lastKnownFileType = sourcecode.swift; path = "CGFloat+pixelsPerPoint.swift"; sourceTree = "<group>"; };
		B0244B582A3A3DA10091CD35 /* Double+frameRate.swift */ = {isa = PBXFileReference; lastKnownFileType = sourcecode.swift; path = "Double+frameRate.swift"; sourceTree = "<group>"; };
		B0244B5C2A3A41290091CD35 /* NoiseView.swift */ = {isa = PBXFileReference; lastKnownFileType = sourcecode.swift; path = NoiseView.swift; sourceTree = "<group>"; };
/* End PBXFileReference section */

/* Begin PBXFrameworksBuildPhase section */
		B0244B202A398C480091CD35 /* Frameworks */ = {
			isa = PBXFrameworksBuildPhase;
			buildActionMask = 2147483647;
			files = (
			);
			runOnlyForDeploymentPostprocessing = 0;
		};
/* End PBXFrameworksBuildPhase section */

/* Begin PBXGroup section */
		B0244B1A2A398C480091CD35 = {
			isa = PBXGroup;
			children = (
				B0244B252A398C480091CD35 /* ThatsSoMetal */,
				B0244B242A398C480091CD35 /* Products */,
			);
			sourceTree = "<group>";
		};
		B0244B242A398C480091CD35 /* Products */ = {
			isa = PBXGroup;
			children = (
				B0244B232A398C480091CD35 /* ThatsSoMetal.app */,
			);
			name = Products;
			sourceTree = "<group>";
		};
		B0244B252A398C480091CD35 /* ThatsSoMetal */ = {
			isa = PBXGroup;
			children = (
				B0244B262A398C480091CD35 /* ThatsSoMetalApp.swift */,
				B0244B282A398C480091CD35 /* ContentView.swift */,
				B0244B5E2A3A41C60091CD35 /* shaders */,
				B0244B3C2A3A2FF70091CD35 /* utils */,
				B0244B2A2A398C480091CD35 /* Assets.xcassets */,
				B0244B2C2A398C480091CD35 /* Preview Content */,
			);
			path = ThatsSoMetal;
			sourceTree = "<group>";
		};
		B0244B2C2A398C480091CD35 /* Preview Content */ = {
			isa = PBXGroup;
			children = (
				B0244B2D2A398C480091CD35 /* Preview Assets.xcassets */,
			);
			path = "Preview Content";
			sourceTree = "<group>";
		};
		B0244B342A398C9A0091CD35 /* namedrop */ = {
			isa = PBXGroup;
			children = (
				B0244B352A398E8E0091CD35 /* NameDrop.swift */,
			);
			path = namedrop;
			sourceTree = "<group>";
		};
		B0244B372A3A2FB30091CD35 /* noise */ = {
			isa = PBXGroup;
			children = (
				B0244B382A3A2FD90091CD35 /* noise.metal */,
				B0244B3F2A3A31550091CD35 /* noise_header.metal */,
			);
			path = noise;
			sourceTree = "<group>";
		};
		B0244B3C2A3A2FF70091CD35 /* utils */ = {
			isa = PBXGroup;
			children = (
				B0244B552A3A3D250091CD35 /* extensions */,
				B0244B4B2A3A383C0091CD35 /* random */,
				B0244B462A3A361E0091CD35 /* radius */,
				B0244B372A3A2FB30091CD35 /* noise */,
				B0244B412A3A33960091CD35 /* hsv */,
				B0244B3D2A3A300C0091CD35 /* SizeReader.swift */,
			);
			path = utils;
			sourceTree = "<group>";
		};
		B0244B412A3A33960091CD35 /* hsv */ = {
			isa = PBXGroup;
			children = (
				B0244B422A3A33AC0091CD35 /* hsv.metal */,
				B0244B442A3A33C50091CD35 /* hsv_header.metal */,
			);
			path = hsv;
			sourceTree = "<group>";
		};
		B0244B462A3A361E0091CD35 /* radius */ = {
			isa = PBXGroup;
			children = (
				B0244B472A3A36250091CD35 /* radius.metal */,
				B0244B492A3A36310091CD35 /* radius_header.metal */,
			);
			path = radius;
			sourceTree = "<group>";
		};
		B0244B4B2A3A383C0091CD35 /* random */ = {
			isa = PBXGroup;
			children = (
				B0244B4E2A3A388C0091CD35 /* random.metal */,
				B0244B4C2A3A38450091CD35 /* random_header.metal */,
			);
			path = random;
			sourceTree = "<group>";
		};
		B0244B502A3A39150091CD35 /* noise */ = {
			isa = PBXGroup;
			children = (
				B0244B512A3A39FC0091CD35 /* noise.metal */,
				B0244B532A3A3C250091CD35 /* Noise.swift */,
				B0244B5C2A3A41290091CD35 /* NoiseView.swift */,
			);
			path = noise;
			sourceTree = "<group>";
		};
		B0244B552A3A3D250091CD35 /* extensions */ = {
			isa = PBXGroup;
			children = (
				B0244B562A3A3D3D0091CD35 /* CGFloat+pixelsPerPoint.swift */,
				B0244B582A3A3DA10091CD35 /* Double+frameRate.swift */,
			);
			path = extensions;
			sourceTree = "<group>";
		};
		B0244B5E2A3A41C60091CD35 /* shaders */ = {
			isa = PBXGroup;
			children = (
				B0244B502A3A39150091CD35 /* noise */,
				B0244B342A398C9A0091CD35 /* namedrop */,
			);
			path = shaders;
			sourceTree = "<group>";
		};
/* End PBXGroup section */

/* Begin PBXNativeTarget section */
		B0244B222A398C480091CD35 /* ThatsSoMetal */ = {
			isa = PBXNativeTarget;
			buildConfigurationList = B0244B312A398C480091CD35 /* Build configuration list for PBXNativeTarget "ThatsSoMetal" */;
			buildPhases = (
				B0244B1F2A398C480091CD35 /* Sources */,
				B0244B202A398C480091CD35 /* Frameworks */,
				B0244B212A398C480091CD35 /* Resources */,
			);
			buildRules = (
			);
			dependencies = (
			);
			name = ThatsSoMetal;
			productName = ThatsSoMetal;
			productReference = B0244B232A398C480091CD35 /* ThatsSoMetal.app */;
			productType = "com.apple.product-type.application";
		};
/* End PBXNativeTarget section */

/* Begin PBXProject section */
		B0244B1B2A398C480091CD35 /* Project object */ = {
			isa = PBXProject;
			attributes = {
				BuildIndependentTargetsInParallel = 1;
				LastSwiftUpdateCheck = 1500;
				LastUpgradeCheck = 1500;
				TargetAttributes = {
					B0244B222A398C480091CD35 = {
						CreatedOnToolsVersion = 15.0;
					};
				};
			};
			buildConfigurationList = B0244B1E2A398C480091CD35 /* Build configuration list for PBXProject "ThatsSoMetal" */;
			compatibilityVersion = "Xcode 14.0";
			developmentRegion = en;
			hasScannedForEncodings = 0;
			knownRegions = (
				en,
				Base,
			);
			mainGroup = B0244B1A2A398C480091CD35;
			productRefGroup = B0244B242A398C480091CD35 /* Products */;
			projectDirPath = "";
			projectRoot = "";
			targets = (
				B0244B222A398C480091CD35 /* ThatsSoMetal */,
			);
		};
/* End PBXProject section */

/* Begin PBXResourcesBuildPhase section */
		B0244B212A398C480091CD35 /* Resources */ = {
			isa = PBXResourcesBuildPhase;
			buildActionMask = 2147483647;
			files = (
				B0244B2E2A398C480091CD35 /* Preview Assets.xcassets in Resources */,
				B0244B2B2A398C480091CD35 /* Assets.xcassets in Resources */,
			);
			runOnlyForDeploymentPostprocessing = 0;
		};
/* End PBXResourcesBuildPhase section */

/* Begin PBXSourcesBuildPhase section */
		B0244B1F2A398C480091CD35 /* Sources */ = {
			isa = PBXSourcesBuildPhase;
			buildActionMask = 2147483647;
			files = (
				B0244B362A398E8E0091CD35 /* NameDrop.swift in Sources */,
				B0244B402A3A31550091CD35 /* noise_header.metal in Sources */,
				B0244B292A398C480091CD35 /* ContentView.swift in Sources */,
				B0244B452A3A33C50091CD35 /* hsv_header.metal in Sources */,
				B0244B392A3A2FD90091CD35 /* noise.metal in Sources */,
				B0244B432A3A33AC0091CD35 /* hsv.metal in Sources */,
				B0244B482A3A36250091CD35 /* radius.metal in Sources */,
				B0244B272A398C480091CD35 /* ThatsSoMetalApp.swift in Sources */,
				B0244B542A3A3C250091CD35 /* Noise.swift in Sources */,
				B0244B4D2A3A38450091CD35 /* random_header.metal in Sources */,
				B0244B4A2A3A36310091CD35 /* radius_header.metal in Sources */,
				B0244B4F2A3A388C0091CD35 /* random.metal in Sources */,
				B0244B5D2A3A41290091CD35 /* NoiseView.swift in Sources */,
				B0244B3E2A3A300C0091CD35 /* SizeReader.swift in Sources */,
				B0244B572A3A3D3D0091CD35 /* CGFloat+pixelsPerPoint.swift in Sources */,
				B0244B592A3A3DA10091CD35 /* Double+frameRate.swift in Sources */,
				B0244B522A3A39FC0091CD35 /* noise.metal in Sources */,
			);
			runOnlyForDeploymentPostprocessing = 0;
		};
/* End PBXSourcesBuildPhase section */

/* Begin XCBuildConfiguration section */
		B0244B2F2A398C480091CD35 /* Debug */ = {
			isa = XCBuildConfiguration;
			buildSettings = {
				ALWAYS_SEARCH_USER_PATHS = NO;
				ASSETCATALOG_COMPILER_GENERATE_SWIFT_ASSET_SYMBOL_EXTENSIONS = YES;
				CLANG_ANALYZER_NONNULL = YES;
				CLANG_ANALYZER_NUMBER_OBJECT_CONVERSION = YES_AGGRESSIVE;
				CLANG_CXX_LANGUAGE_STANDARD = "gnu++20";
				CLANG_ENABLE_MODULES = YES;
				CLANG_ENABLE_OBJC_ARC = YES;
				CLANG_ENABLE_OBJC_WEAK = YES;
				CLANG_WARN_BLOCK_CAPTURE_AUTORELEASING = YES;
				CLANG_WARN_BOOL_CONVERSION = YES;
				CLANG_WARN_COMMA = YES;
				CLANG_WARN_CONSTANT_CONVERSION = YES;
				CLANG_WARN_DEPRECATED_OBJC_IMPLEMENTATIONS = YES;
				CLANG_WARN_DIRECT_OBJC_ISA_USAGE = YES_ERROR;
				CLANG_WARN_DOCUMENTATION_COMMENTS = YES;
				CLANG_WARN_EMPTY_BODY = YES;
				CLANG_WARN_ENUM_CONVERSION = YES;
				CLANG_WARN_INFINITE_RECURSION = YES;
				CLANG_WARN_INT_CONVERSION = YES;
				CLANG_WARN_NON_LITERAL_NULL_CONVERSION = YES;
				CLANG_WARN_OBJC_IMPLICIT_RETAIN_SELF = YES;
				CLANG_WARN_OBJC_LITERAL_CONVERSION = YES;
				CLANG_WARN_OBJC_ROOT_CLASS = YES_ERROR;
				CLANG_WARN_QUOTED_INCLUDE_IN_FRAMEWORK_HEADER = YES;
				CLANG_WARN_RANGE_LOOP_ANALYSIS = YES;
				CLANG_WARN_STRICT_PROTOTYPES = YES;
				CLANG_WARN_SUSPICIOUS_MOVE = YES;
				CLANG_WARN_UNGUARDED_AVAILABILITY = YES_AGGRESSIVE;
				CLANG_WARN_UNREACHABLE_CODE = YES;
				CLANG_WARN__DUPLICATE_METHOD_MATCH = YES;
				COPY_PHASE_STRIP = NO;
				DEBUG_INFORMATION_FORMAT = dwarf;
				ENABLE_STRICT_OBJC_MSGSEND = YES;
				ENABLE_TESTABILITY = YES;
				ENABLE_USER_SCRIPT_SANDBOXING = YES;
				GCC_C_LANGUAGE_STANDARD = gnu17;
				GCC_DYNAMIC_NO_PIC = NO;
				GCC_NO_COMMON_BLOCKS = YES;
				GCC_OPTIMIZATION_LEVEL = 0;
				GCC_PREPROCESSOR_DEFINITIONS = (
					"DEBUG=1",
					"$(inherited)",
				);
				GCC_WARN_64_TO_32_BIT_CONVERSION = YES;
				GCC_WARN_ABOUT_RETURN_TYPE = YES_ERROR;
				GCC_WARN_UNDECLARED_SELECTOR = YES;
				GCC_WARN_UNINITIALIZED_AUTOS = YES_AGGRESSIVE;
				GCC_WARN_UNUSED_FUNCTION = YES;
				GCC_WARN_UNUSED_VARIABLE = YES;
				IPHONEOS_DEPLOYMENT_TARGET = 17.0;
				LOCALIZATION_PREFERS_STRING_CATALOGS = YES;
				MTL_ENABLE_DEBUG_INFO = INCLUDE_SOURCE;
				MTL_FAST_MATH = YES;
				ONLY_ACTIVE_ARCH = YES;
				SDKROOT = iphoneos;
				SWIFT_ACTIVE_COMPILATION_CONDITIONS = "DEBUG $(inherited)";
				SWIFT_OPTIMIZATION_LEVEL = "-Onone";
			};
			name = Debug;
		};
		B0244B302A398C480091CD35 /* Release */ = {
			isa = XCBuildConfiguration;
			buildSettings = {
				ALWAYS_SEARCH_USER_PATHS = NO;
				ASSETCATALOG_COMPILER_GENERATE_SWIFT_ASSET_SYMBOL_EXTENSIONS = YES;
				CLANG_ANALYZER_NONNULL = YES;
				CLANG_ANALYZER_NUMBER_OBJECT_CONVERSION = YES_AGGRESSIVE;
				CLANG_CXX_LANGUAGE_STANDARD = "gnu++20";
				CLANG_ENABLE_MODULES = YES;
				CLANG_ENABLE_OBJC_ARC = YES;
				CLANG_ENABLE_OBJC_WEAK = YES;
				CLANG_WARN_BLOCK_CAPTURE_AUTORELEASING = YES;
				CLANG_WARN_BOOL_CONVERSION = YES;
				CLANG_WARN_COMMA = YES;
				CLANG_WARN_CONSTANT_CONVERSION = YES;
				CLANG_WARN_DEPRECATED_OBJC_IMPLEMENTATIONS = YES;
				CLANG_WARN_DIRECT_OBJC_ISA_USAGE = YES_ERROR;
				CLANG_WARN_DOCUMENTATION_COMMENTS = YES;
				CLANG_WARN_EMPTY_BODY = YES;
				CLANG_WARN_ENUM_CONVERSION = YES;
				CLANG_WARN_INFINITE_RECURSION = YES;
				CLANG_WARN_INT_CONVERSION = YES;
				CLANG_WARN_NON_LITERAL_NULL_CONVERSION = YES;
				CLANG_WARN_OBJC_IMPLICIT_RETAIN_SELF = YES;
				CLANG_WARN_OBJC_LITERAL_CONVERSION = YES;
				CLANG_WARN_OBJC_ROOT_CLASS = YES_ERROR;
				CLANG_WARN_QUOTED_INCLUDE_IN_FRAMEWORK_HEADER = YES;
				CLANG_WARN_RANGE_LOOP_ANALYSIS = YES;
				CLANG_WARN_STRICT_PROTOTYPES = YES;
				CLANG_WARN_SUSPICIOUS_MOVE = YES;
				CLANG_WARN_UNGUARDED_AVAILABILITY = YES_AGGRESSIVE;
				CLANG_WARN_UNREACHABLE_CODE = YES;
				CLANG_WARN__DUPLICATE_METHOD_MATCH = YES;
				COPY_PHASE_STRIP = NO;
				DEBUG_INFORMATION_FORMAT = "dwarf-with-dsym";
				ENABLE_NS_ASSERTIONS = NO;
				ENABLE_STRICT_OBJC_MSGSEND = YES;
				ENABLE_USER_SCRIPT_SANDBOXING = YES;
				GCC_C_LANGUAGE_STANDARD = gnu17;
				GCC_NO_COMMON_BLOCKS = YES;
				GCC_WARN_64_TO_32_BIT_CONVERSION = YES;
				GCC_WARN_ABOUT_RETURN_TYPE = YES_ERROR;
				GCC_WARN_UNDECLARED_SELECTOR = YES;
				GCC_WARN_UNINITIALIZED_AUTOS = YES_AGGRESSIVE;
				GCC_WARN_UNUSED_FUNCTION = YES;
				GCC_WARN_UNUSED_VARIABLE = YES;
				IPHONEOS_DEPLOYMENT_TARGET = 17.0;
				LOCALIZATION_PREFERS_STRING_CATALOGS = YES;
				MTL_ENABLE_DEBUG_INFO = NO;
				MTL_FAST_MATH = YES;
				SDKROOT = iphoneos;
				SWIFT_COMPILATION_MODE = wholemodule;
				VALIDATE_PRODUCT = YES;
			};
			name = Release;
		};
		B0244B322A398C480091CD35 /* Debug */ = {
			isa = XCBuildConfiguration;
			buildSettings = {
				ASSETCATALOG_COMPILER_APPICON_NAME = AppIcon;
				ASSETCATALOG_COMPILER_GLOBAL_ACCENT_COLOR_NAME = AccentColor;
				CODE_SIGN_STYLE = Automatic;
				CURRENT_PROJECT_VERSION = 1;
				DEVELOPMENT_ASSET_PATHS = "\"ThatsSoMetal/Preview Content\"";
				ENABLE_PREVIEWS = YES;
				GENERATE_INFOPLIST_FILE = YES;
				INFOPLIST_KEY_UIApplicationSceneManifest_Generation = YES;
				INFOPLIST_KEY_UIApplicationSupportsIndirectInputEvents = YES;
				INFOPLIST_KEY_UILaunchScreen_Generation = YES;
				INFOPLIST_KEY_UISupportedInterfaceOrientations_iPad = "UIInterfaceOrientationPortrait UIInterfaceOrientationPortraitUpsideDown UIInterfaceOrientationLandscapeLeft UIInterfaceOrientationLandscapeRight";
				INFOPLIST_KEY_UISupportedInterfaceOrientations_iPhone = "UIInterfaceOrientationPortrait UIInterfaceOrientationLandscapeLeft UIInterfaceOrientationLandscapeRight";
				LD_RUNPATH_SEARCH_PATHS = (
					"$(inherited)",
					"@executable_path/Frameworks",
				);
				MARKETING_VERSION = 1.0;
				PRODUCT_BUNDLE_IDENTIFIER = com.waynedahlberg.ThatsSoMetal;
				PRODUCT_NAME = "$(TARGET_NAME)";
				SWIFT_EMIT_LOC_STRINGS = YES;
				SWIFT_VERSION = 5.0;
				TARGETED_DEVICE_FAMILY = "1,2";
			};
			name = Debug;
		};
		B0244B332A398C480091CD35 /* Release */ = {
			isa = XCBuildConfiguration;
			buildSettings = {
				ASSETCATALOG_COMPILER_APPICON_NAME = AppIcon;
				ASSETCATALOG_COMPILER_GLOBAL_ACCENT_COLOR_NAME = AccentColor;
				CODE_SIGN_STYLE = Automatic;
				CURRENT_PROJECT_VERSION = 1;
				DEVELOPMENT_ASSET_PATHS = "\"ThatsSoMetal/Preview Content\"";
				ENABLE_PREVIEWS = YES;
				GENERATE_INFOPLIST_FILE = YES;
				INFOPLIST_KEY_UIApplicationSceneManifest_Generation = YES;
				INFOPLIST_KEY_UIApplicationSupportsIndirectInputEvents = YES;
				INFOPLIST_KEY_UILaunchScreen_Generation = YES;
				INFOPLIST_KEY_UISupportedInterfaceOrientations_iPad = "UIInterfaceOrientationPortrait UIInterfaceOrientationPortraitUpsideDown UIInterfaceOrientationLandscapeLeft UIInterfaceOrientationLandscapeRight";
				INFOPLIST_KEY_UISupportedInterfaceOrientations_iPhone = "UIInterfaceOrientationPortrait UIInterfaceOrientationLandscapeLeft UIInterfaceOrientationLandscapeRight";
				LD_RUNPATH_SEARCH_PATHS = (
					"$(inherited)",
					"@executable_path/Frameworks",
				);
				MARKETING_VERSION = 1.0;
				PRODUCT_BUNDLE_IDENTIFIER = com.waynedahlberg.ThatsSoMetal;
				PRODUCT_NAME = "$(TARGET_NAME)";
				SWIFT_EMIT_LOC_STRINGS = YES;
				SWIFT_VERSION = 5.0;
				TARGETED_DEVICE_FAMILY = "1,2";
			};
			name = Release;
		};
/* End XCBuildConfiguration section */

/* Begin XCConfigurationList section */
		B0244B1E2A398C480091CD35 /* Build configuration list for PBXProject "ThatsSoMetal" */ = {
			isa = XCConfigurationList;
			buildConfigurations = (
				B0244B2F2A398C480091CD35 /* Debug */,
				B0244B302A398C480091CD35 /* Release */,
			);
			defaultConfigurationIsVisible = 0;
			defaultConfigurationName = Release;
		};
		B0244B312A398C480091CD35 /* Build configuration list for PBXNativeTarget "ThatsSoMetal" */ = {
			isa = XCConfigurationList;
			buildConfigurations = (
				B0244B322A398C480091CD35 /* Debug */,
				B0244B332A398C480091CD35 /* Release */,
			);
			defaultConfigurationIsVisible = 0;
			defaultConfigurationName = Release;
		};
/* End XCConfigurationList section */
	};
	rootObject = B0244B1B2A398C480091CD35 /* Project object */;
}
